
Microsoft Visual Studio Solution File, Format Version 12.00
# Visual Studio 15
VisualStudioVersion = 15.0.28010.2003
MinimumVisualStudioVersion = 10.0.40219.1
Project("{8BC9CEB8-8B4A-11D0-8D11-00A0C91BC942}") = "Monster", "Monster\Monster.vcxproj", "{8277F42E-88ED-4DC4-800B-A3D92782E9FD}"
EndProject
Global
	GlobalSection(SolutionConfigurationPlatforms) = preSolution
		Debug|x64 = Debug|x64
		Debug|x86 = Debug|x86
		Release|x64 = Release|x64
		Release|x86 = Release|x86
	EndGlobalSection
	GlobalSection(ProjectConfigurationPlatforms) = postSolution
		{8277F42E-88ED-4DC4-800B-A3D92782E9FD}.Debug|x64.ActiveCfg = Debug|x64
		{8277F42E-88ED-4DC4-800B-A3D92782E9FD}.Debug|x64.Build.0 = Debug|x64
		{8277F42E-88ED-4DC4-800B-A3D92782E9FD}.Debug|x86.ActiveCfg = Debug|Win32
		{8277F42E-88ED-4DC4-800B-A3D92782E9FD}.Debug|x86.Build.0 = Debug|Win32
		{8277F42E-88ED-4DC4-800B-A3D92782E9FD}.Release|x64.ActiveCfg = Release|x64
		{8277F42E-88ED-4DC4-800B-A3D92782E9FD}.Release|x64.Build.0 = Release|x64
		{8277F42E-88ED-4DC4-800B-A3D92782E9FD}.Release|x86.ActiveCfg = Release|Win32
		{8277F42E-88ED-4DC4-800B-A3D92782E9FD}.Release|x86.Build.0 = Release|Win32
	EndGlobalSection
	GlobalSection(SolutionProperties) = preSolution
		HideSolutionNode = FALSE
	EndGlobalSection
	GlobalSection(ExtensibilityGlobals) = postSolution
		SolutionGuid = {618011B3-0079-4D32-AB14-3FD546138DC8}
	EndGlobalSection
EndGlobal
